// !$*UTF8*$!
{
	archiveVersion = 1;
	classes = {
	};
	objectVersion = 46;
	objects = {

/* Begin PBXBuildFile section */
		EA0CD9651D2CE7CB00FF239F /* AppDelegate.swift in Sources */ = {isa = PBXBuildFile; fileRef = EA0CD9641D2CE7CB00FF239F /* AppDelegate.swift */; };
		EA0CD9671D2CE7CB00FF239F /* ViewController.swift in Sources */ = {isa = PBXBuildFile; fileRef = EA0CD9661D2CE7CB00FF239F /* ViewController.swift */; };
		EA0CD96A1D2CE7CB00FF239F /* Main.storyboard in Resources */ = {isa = PBXBuildFile; fileRef = EA0CD9681D2CE7CB00FF239F /* Main.storyboard */; };
		EA0CD96C1D2CE7CB00FF239F /* Assets.xcassets in Resources */ = {isa = PBXBuildFile; fileRef = EA0CD96B1D2CE7CB00FF239F /* Assets.xcassets */; };
		EA0CD96F1D2CE7CB00FF239F /* LaunchScreen.storyboard in Resources */ = {isa = PBXBuildFile; fileRef = EA0CD96D1D2CE7CB00FF239F /* LaunchScreen.storyboard */; };
		EA0CD9781D2CEBB700FF239F /* BodyImageMap.swift in Sources */ = {isa = PBXBuildFile; fileRef = EA0CD9771D2CEBB700FF239F /* BodyImageMap.swift */; };
		EA0CD97A1D2CEFB900FF239F /* MapPart.swift in Sources */ = {isa = PBXBuildFile; fileRef = EA0CD9791D2CEFB900FF239F /* MapPart.swift */; };
		EA0CD97C1D2CF45100FF239F /* ImageMap.swift in Sources */ = {isa = PBXBuildFile; fileRef = EA0CD97B1D2CF45100FF239F /* ImageMap.swift */; };
/* End PBXBuildFile section */

/* Begin PBXFileReference section */
		EA0CD9611D2CE7CB00FF239F /* BodyMapPickerExample.app */ = {isa = PBXFileReference; explicitFileType = wrapper.application; includeInIndex = 0; path = BodyMapPickerExample.app; sourceTree = BUILT_PRODUCTS_DIR; };
		EA0CD9641D2CE7CB00FF239F /* AppDelegate.swift */ = {isa = PBXFileReference; lastKnownFileType = sourcecode.swift; path = AppDelegate.swift; sourceTree = "<group>"; };
		EA0CD9661D2CE7CB00FF239F /* ViewController.swift */ = {isa = PBXFileReference; lastKnownFileType = sourcecode.swift; path = ViewController.swift; sourceTree = "<group>"; };
		EA0CD9691D2CE7CB00FF239F /* Base */ = {isa = PBXFileReference; lastKnownFileType = file.storyboard; name = Base; path = Base.lproj/Main.storyboard; sourceTree = "<group>"; };
		EA0CD96B1D2CE7CB00FF239F /* Assets.xcassets */ = {isa = PBXFileReference; lastKnownFileType = folder.assetcatalog; path = Assets.xcassets; sourceTree = "<group>"; };
		EA0CD96E1D2CE7CB00FF239F /* Base */ = {isa = PBXFileReference; lastKnownFileType = file.storyboard; name = Base; path = Base.lproj/LaunchScreen.storyboard; sourceTree = "<group>"; };
		EA0CD9701D2CE7CB00FF239F /* Info.plist */ = {isa = PBXFileReference; lastKnownFileType = text.plist.xml; path = Info.plist; sourceTree = "<group>"; };
		EA0CD9771D2CEBB700FF239F /* BodyImageMap.swift */ = {isa = PBXFileReference; fileEncoding = 4; lastKnownFileType = sourcecode.swift; path = BodyImageMap.swift; sourceTree = "<group>"; };
		EA0CD9791D2CEFB900FF239F /* MapPart.swift */ = {isa = PBXFileReference; fileEncoding = 4; lastKnownFileType = sourcecode.swift; path = MapPart.swift; sourceTree = "<group>"; };
		EA0CD97B1D2CF45100FF239F /* ImageMap.swift */ = {isa = PBXFileReference; fileEncoding = 4; lastKnownFileType = sourcecode.swift; path = ImageMap.swift; sourceTree = "<group>"; };
/* End PBXFileReference section */

/* Begin PBXFrameworksBuildPhase section */
		EA0CD95E1D2CE7CB00FF239F /* Frameworks */ = {
			isa = PBXFrameworksBuildPhase;
			buildActionMask = 2147483647;
			files = (
			);
			runOnlyForDeploymentPostprocessing = 0;
		};
/* End PBXFrameworksBuildPhase section */

/* Begin PBXGroup section */
		EA0CD9581D2CE7CB00FF239F = {
			isa = PBXGroup;
			children = (
				EA0CD9631D2CE7CB00FF239F /* BodyMapPickerExample */,
				EA0CD9621D2CE7CB00FF239F /* Products */,
			);
			sourceTree = "<group>";
		};
		EA0CD9621D2CE7CB00FF239F /* Products */ = {
			isa = PBXGroup;
			children = (
				EA0CD9611D2CE7CB00FF239F /* BodyMapPickerExample.app */,
			);
			name = Products;
			sourceTree = "<group>";
		};
		EA0CD9631D2CE7CB00FF239F /* BodyMapPickerExample */ = {
			isa = PBXGroup;
			children = (
				EA0CD9641D2CE7CB00FF239F /* AppDelegate.swift */,
				EA0CD9661D2CE7CB00FF239F /* ViewController.swift */,
				EA0CD9681D2CE7CB00FF239F /* Main.storyboard */,
				EA0CD96B1D2CE7CB00FF239F /* Assets.xcassets */,
				EA0CD96D1D2CE7CB00FF239F /* LaunchScreen.storyboard */,
				EA0CD9701D2CE7CB00FF239F /* Info.plist */,
				EA0CD9771D2CEBB700FF239F /* BodyImageMap.swift */,
				EA0CD97B1D2CF45100FF239F /* ImageMap.swift */,
				EA0CD9791D2CEFB900FF239F /* MapPart.swift */,
			);
			path = BodyMapPickerExample;
			sourceTree = "<group>";
		};
/* End PBXGroup section */

/* Begin PBXNativeTarget section */
		EA0CD9601D2CE7CB00FF239F /* BodyMapPickerExample */ = {
			isa = PBXNativeTarget;
			buildConfigurationList = EA0CD9731D2CE7CB00FF239F /* Build configuration list for PBXNativeTarget "BodyMapPickerExample" */;
			buildPhases = (
				EA0CD95D1D2CE7CB00FF239F /* Sources */,
				EA0CD95E1D2CE7CB00FF239F /* Frameworks */,
				EA0CD95F1D2CE7CB00FF239F /* Resources */,
			);
			buildRules = (
			);
			dependencies = (
			);
			name = BodyMapPickerExample;
			productName = BodyMapPickerExample;
			productReference = EA0CD9611D2CE7CB00FF239F /* BodyMapPickerExample.app */;
			productType = "com.apple.product-type.application";
		};
/* End PBXNativeTarget section */

/* Begin PBXProject section */
		EA0CD9591D2CE7CB00FF239F /* Project object */ = {
			isa = PBXProject;
			attributes = {
				LastSwiftUpdateCheck = 0730;
				LastUpgradeCheck = 0730;
				ORGANIZATIONNAME = "Application Factory";
				TargetAttributes = {
					EA0CD9601D2CE7CB00FF239F = {
						CreatedOnToolsVersion = 7.3.1;
					};
				};
			};
			buildConfigurationList = EA0CD95C1D2CE7CB00FF239F /* Build configuration list for PBXProject "BodyMapPickerExample" */;
			compatibilityVersion = "Xcode 3.2";
			developmentRegion = English;
			hasScannedForEncodings = 0;
			knownRegions = (
				en,
				Base,
			);
			mainGroup = EA0CD9581D2CE7CB00FF239F;
			productRefGroup = EA0CD9621D2CE7CB00FF239F /* Products */;
			projectDirPath = "";
			projectRoot = "";
			targets = (
				EA0CD9601D2CE7CB00FF239F /* BodyMapPickerExample */,
			);
		};
/* End PBXProject section */

/* Begin PBXResourcesBuildPhase section */
		EA0CD95F1D2CE7CB00FF239F /* Resources */ = {
			isa = PBXResourcesBuildPhase;
			buildActionMask = 2147483647;
			files = (
				EA0CD96F1D2CE7CB00FF239F /* LaunchScreen.storyboard in Resources */,
				EA0CD96C1D2CE7CB00FF239F /* Assets.xcassets in Resources */,
				EA0CD96A1D2CE7CB00FF239F /* Main.storyboard in Resources */,
			);
			runOnlyForDeploymentPostprocessing = 0;
		};
/* End PBXResourcesBuildPhase section */

/* Begin PBXSourcesBuildPhase section */
		EA0CD95D1D2CE7CB00FF239F /* Sources */ = {
			isa = PBXSourcesBuildPhase;
			buildActionMask = 2147483647;
			files = (
				EA0CD9671D2CE7CB00FF239F /* ViewController.swift in Sources */,
				EA0CD97A1D2CEFB900FF239F /* MapPart.swift in Sources */,
				EA0CD97C1D2CF45100FF239F /* ImageMap.swift in Sources */,
				EA0CD9651D2CE7CB00FF239F /* AppDelegate.swift in Sources */,
				EA0CD9781D2CEBB700FF239F /* BodyImageMap.swift in Sources */,
			);
			runOnlyForDeploymentPostprocessing = 0;
		};
/* End PBXSourcesBuildPhase section */

/* Begin PBXVariantGroup section */
		EA0CD9681D2CE7CB00FF239F /* Main.storyboard */ = {
			isa = PBXVariantGroup;
			children = (
				EA0CD9691D2CE7CB00FF239F /* Base */,
			);
			name = Main.storyboard;
			sourceTree = "<group>";
		};
		EA0CD96D1D2CE7CB00FF239F /* LaunchScreen.storyboard */ = {
			isa = PBXVariantGroup;
			children = (
				EA0CD96E1D2CE7CB00FF239F /* Base */,
			);
			name = LaunchScreen.storyboard;
			sourceTree = "<group>";
		};
/* End PBXVariantGroup section */

/* Begin XCBuildConfiguration section */
		EA0CD9711D2CE7CB00FF239F /* Debug */ = {
			isa = XCBuildConfiguration;
			buildSettings = {
				ALWAYS_SEARCH_USER_PATHS = NO;
				CLANG_ANALYZER_NONNULL = YES;
				CLANG_CXX_LANGUAGE_STANDARD = "gnu++0x";
				CLANG_CXX_LIBRARY = "libc++";
				CLANG_ENABLE_MODULES = YES;
				CLANG_ENABLE_OBJC_ARC = YES;
				CLANG_WARN_BOOL_CONVERSION = YES;
				CLANG_WARN_CONSTANT_CONVERSION = YES;
				CLANG_WARN_DIRECT_OBJC_ISA_USAGE = YES_ERROR;
				CLANG_WARN_EMPTY_BODY = YES;
				CLANG_WARN_ENUM_CONVERSION = YES;
				CLANG_WARN_INT_CONVERSION = YES;
				CLANG_WARN_OBJC_ROOT_CLASS = YES_ERROR;
				CLANG_WARN_UNREACHABLE_CODE = YES;
				CLANG_WARN__DUPLICATE_METHOD_MATCH = YES;
				"CODE_SIGN_IDENTITY[sdk=iphoneos*]" = "iPhone Developer";
				COPY_PHASE_STRIP = NO;
				DEBUG_INFORMATION_FORMAT = dwarf;
				ENABLE_STRICT_OBJC_MSGSEND = YES;
				ENABLE_TESTABILITY = YES;
				GCC_C_LANGUAGE_STANDARD = gnu99;
				GCC_DYNAMIC_NO_PIC = NO;
				GCC_NO_COMMON_BLOCKS = YES;
				GCC_OPTIMIZATION_LEVEL = 0;
				GCC_PREPROCESSOR_DEFINITIONS = (
					"DEBUG=1",
					"$(inherited)",
				);
				GCC_WARN_64_TO_32_BIT_CONVERSION = YES;
				GCC_WARN_ABOUT_RETURN_TYPE = YES_ERROR;
				GCC_WARN_UNDECLARED_SELECTOR = YES;
				GCC_WARN_UNINITIALIZED_AUTOS = YES_AGGRESSIVE;
				GCC_WARN_UNUSED_FUNCTION = YES;
				GCC_WARN_UNUSED_VARIABLE = YES;
				IPHONEOS_DEPLOYMENT_TARGET = 9.3;
				MTL_ENABLE_DEBUG_INFO = YES;
				ONLY_ACTIVE_ARCH = YES;
				SDKROOT = iphoneos;
				SWIFT_OPTIMIZATION_LEVEL = "-Onone";
				TARGETED_DEVICE_FAMILY = "1,2";
			};
			name = Debug;
		};
		EA0CD9721D2CE7CB00FF239F /* Release */ = {
			isa = XCBuildConfiguration;
			buildSettings = {
				ALWAYS_SEARCH_USER_PATHS = NO;
				CLANG_ANALYZER_NONNULL = YES;
				CLANG_CXX_LANGUAGE_STANDARD = "gnu++0x";
				CLANG_CXX_LIBRARY = "libc++";
				CLANG_ENABLE_MODULES = YES;
				CLANG_ENABLE_OBJC_ARC = YES;
				CLANG_WARN_BOOL_CONVERSION = YES;
				CLANG_WARN_CONSTANT_CONVERSION = YES;
				CLANG_WARN_DIRECT_OBJC_ISA_USAGE = YES_ERROR;
				CLANG_WARN_EMPTY_BODY = YES;
				CLANG_WARN_ENUM_CONVERSION = YES;
				CLANG_WARN_INT_CONVERSION = YES;
				CLANG_WARN_OBJC_ROOT_CLASS = YES_ERROR;
				CLANG_WARN_UNREACHABLE_CODE = YES;
				CLANG_WARN__DUPLICATE_METHOD_MATCH = YES;
				"CODE_SIGN_IDENTITY[sdk=iphoneos*]" = "iPhone Developer";
				COPY_PHASE_STRIP = NO;
				DEBUG_INFORMATION_FORMAT = "dwarf-with-dsym";
				ENABLE_NS_ASSERTIONS = NO;
				ENABLE_STRICT_OBJC_MSGSEND = YES;
				GCC_C_LANGUAGE_STANDARD = gnu99;
				GCC_NO_COMMON_BLOCKS = YES;
				GCC_WARN_64_TO_32_BIT_CONVERSION = YES;
				GCC_WARN_ABOUT_RETURN_TYPE = YES_ERROR;
				GCC_WARN_UNDECLARED_SELECTOR = YES;
				GCC_WARN_UNINITIALIZED_AUTOS = YES_AGGRESSIVE;
				GCC_WARN_UNUSED_FUNCTION = YES;
				GCC_WARN_UNUSED_VARIABLE = YES;
				IPHONEOS_DEPLOYMENT_TARGET = 9.3;
				MTL_ENABLE_DEBUG_INFO = NO;
				SDKROOT = iphoneos;
				TARGETED_DEVICE_FAMILY = "1,2";
				VALIDATE_PRODUCT = YES;
			};
			name = Release;
		};
		EA0CD9741D2CE7CB00FF239F /* Debug */ = {
			isa = XCBuildConfiguration;
			buildSettings = {
				ASSETCATALOG_COMPILER_APPICON_NAME = AppIcon;
				INFOPLIST_FILE = BodyMapPickerExample/Info.plist;
				LD_RUNPATH_SEARCH_PATHS = "$(inherited) @executable_path/Frameworks";
				PRODUCT_BUNDLE_IDENTIFIER = no.appfact.BodyMapPickerExample;
				PRODUCT_NAME = "$(TARGET_NAME)";
			};
			name = Debug;
		};
		EA0CD9751D2CE7CB00FF239F /* Release */ = {
			isa = XCBuildConfiguration;
			buildSettings = {
				ASSETCATALOG_COMPILER_APPICON_NAME = AppIcon;
				INFOPLIST_FILE = BodyMapPickerExample/Info.plist;
				LD_RUNPATH_SEARCH_PATHS = "$(inherited) @executable_path/Frameworks";
				PRODUCT_BUNDLE_IDENTIFIER = no.appfact.BodyMapPickerExample;
				PRODUCT_NAME = "$(TARGET_NAME)";
			};
			name = Release;
		};
/* End XCBuildConfiguration section */

/* Begin XCConfigurationList section */
		EA0CD95C1D2CE7CB00FF239F /* Build configuration list for PBXProject "BodyMapPickerExample" */ = {
			isa = XCConfigurationList;
			buildConfigurations = (
				EA0CD9711D2CE7CB00FF239F /* Debug */,
				EA0CD9721D2CE7CB00FF239F /* Release */,
			);
			defaultConfigurationIsVisible = 0;
			defaultConfigurationName = Release;
		};
		EA0CD9731D2CE7CB00FF239F /* Build configuration list for PBXNativeTarget "BodyMapPickerExample" */ = {
			isa = XCConfigurationList;
			buildConfigurations = (
				EA0CD9741D2CE7CB00FF239F /* Debug */,
				EA0CD9751D2CE7CB00FF239F /* Release */,
			);
			defaultConfigurationIsVisible = 0;
		};
/* End XCConfigurationList section */
	};
	rootObject = EA0CD9591D2CE7CB00FF239F /* Project object */;
}
